
Microsoft Visual Studio Solution File, Format Version 12.00
# Visual Studio Version 16
VisualStudioVersion = 16.0.30517.126
MinimumVisualStudioVersion = 10.0.40219.1
Project("{2150E333-8FDC-42A3-9474-1A3956D46DE8}") = "src", "src", "{CA24D6E5-BB6E-4096-8356-B3B2C947A1EF}"
EndProject
Project("{9A19103F-16F7-4668-BE54-9A1E7A4F7556}") = "RepBlazor.WebUI", "src\RepBlazor.WebUI\RepBlazor.WebUI.csproj", "{B5358ACC-912A-4F9A-BC83-36E2257A6FED}"
EndProject
Project("{9A19103F-16F7-4668-BE54-9A1E7A4F7556}") = "RepBlazor.WebAPI", "src\RepBlazor.WebAPI\RepBlazor.WebAPI.csproj", "{BFA516C5-D0B9-4C92-90DE-68A4C29F233D}"
EndProject
Project("{FAE04EC0-301F-11D3-BF4B-00C04F79EFBC}") = "RepBlazor.Domain", "src\RepBlazor.Domain\RepBlazor.Domain.csproj", "{2F4EEFFC-5DB4-45FC-AA37-2C02A7E2435D}"
EndProject
Project("{FAE04EC0-301F-11D3-BF4B-00C04F79EFBC}") = "RepBlazor.Infrastructure", "src\RepBlazor.Infrastructure\RepBlazor.Infrastructure.csproj", "{1ECAF0BA-0DB9-4F69-9798-A915BF6B28E5}"
EndProject
Project("{FAE04EC0-301F-11D3-BF4B-00C04F79EFBC}") = "RepBlazor.Shared", "src\RepBlazor.Shared\RepBlazor.Shared.csproj", "{F5A0BCBD-E95B-46AB-9B62-098189058875}"
EndProject
Project("{FAE04EC0-301F-11D3-BF4B-00C04F79EFBC}") = "RepBlazor.Application", "src\RepBlazor.Application\RepBlazor.Application.csproj", "{55D701ED-8285-4216-B7A2-970738B6782C}"
EndProject
Global
	GlobalSection(SolutionConfigurationPlatforms) = preSolution
		Debug|Any CPU = Debug|Any CPU
		Release|Any CPU = Release|Any CPU
	EndGlobalSection
	GlobalSection(ProjectConfigurationPlatforms) = postSolution
		{B5358ACC-912A-4F9A-BC83-36E2257A6FED}.Debug|Any CPU.ActiveCfg = Debug|Any CPU
		{B5358ACC-912A-4F9A-BC83-36E2257A6FED}.Debug|Any CPU.Build.0 = Debug|Any CPU
		{B5358ACC-912A-4F9A-BC83-36E2257A6FED}.Release|Any CPU.ActiveCfg = Release|Any CPU
		{B5358ACC-912A-4F9A-BC83-36E2257A6FED}.Release|Any CPU.Build.0 = Release|Any CPU
		{BFA516C5-D0B9-4C92-90DE-68A4C29F233D}.Debug|Any CPU.ActiveCfg = Debug|Any CPU
		{BFA516C5-D0B9-4C92-90DE-68A4C29F233D}.Debug|Any CPU.Build.0 = Debug|Any CPU
		{BFA516C5-D0B9-4C92-90DE-68A4C29F233D}.Release|Any CPU.ActiveCfg = Release|Any CPU
		{BFA516C5-D0B9-4C92-90DE-68A4C29F233D}.Release|Any CPU.Build.0 = Release|Any CPU
		{2F4EEFFC-5DB4-45FC-AA37-2C02A7E2435D}.Debug|Any CPU.ActiveCfg = Debug|Any CPU
		{2F4EEFFC-5DB4-45FC-AA37-2C02A7E2435D}.Debug|Any CPU.Build.0 = Debug|Any CPU
		{2F4EEFFC-5DB4-45FC-AA37-2C02A7E2435D}.Release|Any CPU.ActiveCfg = Release|Any CPU
		{2F4EEFFC-5DB4-45FC-AA37-2C02A7E2435D}.Release|Any CPU.Build.0 = Release|Any CPU
		{1ECAF0BA-0DB9-4F69-9798-A915BF6B28E5}.Debug|Any CPU.ActiveCfg = Debug|Any CPU
		{1ECAF0BA-0DB9-4F69-9798-A915BF6B28E5}.Debug|Any CPU.Build.0 = Debug|Any CPU
		{1ECAF0BA-0DB9-4F69-9798-A915BF6B28E5}.Release|Any CPU.ActiveCfg = Release|Any CPU
		{1ECAF0BA-0DB9-4F69-9798-A915BF6B28E5}.Release|Any CPU.Build.0 = Release|Any CPU
		{F5A0BCBD-E95B-46AB-9B62-098189058875}.Debug|Any CPU.ActiveCfg = Debug|Any CPU
		{F5A0BCBD-E95B-46AB-9B62-098189058875}.Debug|Any CPU.Build.0 = Debug|Any CPU
		{F5A0BCBD-E95B-46AB-9B62-098189058875}.Release|Any CPU.ActiveCfg = Release|Any CPU
		{F5A0BCBD-E95B-46AB-9B62-098189058875}.Release|Any CPU.Build.0 = Release|Any CPU
		{55D701ED-8285-4216-B7A2-970738B6782C}.Debug|Any CPU.ActiveCfg = Debug|Any CPU
		{55D701ED-8285-4216-B7A2-970738B6782C}.Debug|Any CPU.Build.0 = Debug|Any CPU
		{55D701ED-8285-4216-B7A2-970738B6782C}.Release|Any CPU.ActiveCfg = Release|Any CPU
		{55D701ED-8285-4216-B7A2-970738B6782C}.Release|Any CPU.Build.0 = Release|Any CPU
	EndGlobalSection
	GlobalSection(SolutionProperties) = preSolution
		HideSolutionNode = FALSE
	EndGlobalSection
	GlobalSection(NestedProjects) = preSolution
		{B5358ACC-912A-4F9A-BC83-36E2257A6FED} = {CA24D6E5-BB6E-4096-8356-B3B2C947A1EF}
		{BFA516C5-D0B9-4C92-90DE-68A4C29F233D} = {CA24D6E5-BB6E-4096-8356-B3B2C947A1EF}
		{2F4EEFFC-5DB4-45FC-AA37-2C02A7E2435D} = {CA24D6E5-BB6E-4096-8356-B3B2C947A1EF}
		{1ECAF0BA-0DB9-4F69-9798-A915BF6B28E5} = {CA24D6E5-BB6E-4096-8356-B3B2C947A1EF}
		{F5A0BCBD-E95B-46AB-9B62-098189058875} = {CA24D6E5-BB6E-4096-8356-B3B2C947A1EF}
		{55D701ED-8285-4216-B7A2-970738B6782C} = {CA24D6E5-BB6E-4096-8356-B3B2C947A1EF}
	EndGlobalSection
	GlobalSection(ExtensibilityGlobals) = postSolution
		SolutionGuid = {B1B75B46-C341-42FA-84EA-757AB057CB56}
	EndGlobalSection
EndGlobal
