
Microsoft Visual Studio Solution File, Format Version 12.00
# Visual Studio Version 16
VisualStudioVersion = 16.0.30517.126
MinimumVisualStudioVersion = 10.0.40219.1
Project("{2150E333-8FDC-42A3-9474-1A3956D46DE8}") = "src", "src", "{CA24D6E5-BB6E-4096-8356-B3B2C947A1EF}"
EndProject
Project("{9A19103F-16F7-4668-BE54-9A1E7A4F7556}") = "RepBlazor.WebUI", "src\RepBlazor.WebUI\RepBlazor.WebUI.csproj", "{B5358ACC-912A-4F9A-BC83-36E2257A6FED}"
EndProject
Project("{FAE04EC0-301F-11D3-BF4B-00C04F79EFBC}") = "RepBlazor.WebAPI", "src\RepBlazor.WebAPI\RepBlazor.WebAPI.csproj", "{BFA516C5-D0B9-4C92-90DE-68A4C29F233D}"
EndProject
Global
	GlobalSection(SolutionConfigurationPlatforms) = preSolution
		Debug|Any CPU = Debug|Any CPU
		Release|Any CPU = Release|Any CPU
	EndGlobalSection
	GlobalSection(ProjectConfigurationPlatforms) = postSolution
		{B5358ACC-912A-4F9A-BC83-36E2257A6FED}.Debug|Any CPU.ActiveCfg = Debug|Any CPU
		{B5358ACC-912A-4F9A-BC83-36E2257A6FED}.Debug|Any CPU.Build.0 = Debug|Any CPU
		{B5358ACC-912A-4F9A-BC83-36E2257A6FED}.Release|Any CPU.ActiveCfg = Release|Any CPU
		{B5358ACC-912A-4F9A-BC83-36E2257A6FED}.Release|Any CPU.Build.0 = Release|Any CPU
		{BFA516C5-D0B9-4C92-90DE-68A4C29F233D}.Debug|Any CPU.ActiveCfg = Debug|Any CPU
		{BFA516C5-D0B9-4C92-90DE-68A4C29F233D}.Debug|Any CPU.Build.0 = Debug|Any CPU
		{BFA516C5-D0B9-4C92-90DE-68A4C29F233D}.Release|Any CPU.ActiveCfg = Release|Any CPU
		{BFA516C5-D0B9-4C92-90DE-68A4C29F233D}.Release|Any CPU.Build.0 = Release|Any CPU
	EndGlobalSection
	GlobalSection(SolutionProperties) = preSolution
		HideSolutionNode = FALSE
	EndGlobalSection
	GlobalSection(NestedProjects) = preSolution
		{B5358ACC-912A-4F9A-BC83-36E2257A6FED} = {CA24D6E5-BB6E-4096-8356-B3B2C947A1EF}
		{BFA516C5-D0B9-4C92-90DE-68A4C29F233D} = {CA24D6E5-BB6E-4096-8356-B3B2C947A1EF}
	EndGlobalSection
	GlobalSection(ExtensibilityGlobals) = postSolution
		SolutionGuid = {B1B75B46-C341-42FA-84EA-757AB057CB56}
	EndGlobalSection
EndGlobal
